
Microsoft Visual Studio Solution File, Format Version 12.00
# Visual Studio Version 17
VisualStudioVersion = 17.0.31903.59
MinimumVisualStudioVersion = 10.0.40219.1
Project("{9A19103F-16F7-4668-BE54-9A1E7A4F7556}") = "BuildLogReporter", "src\BuildLogReporter\BuildLogReporter.csproj", "{63C08C64-F67F-46B8-9C89-CB4E0BB4D4A1}"
EndProject
Project("{2150E333-8FDC-42A3-9474-1A3956D46DE8}") = "Solution Items", "Solution Items", "{59EF69F1-E2A0-4587-9FCF-633B99097DFD}"
	ProjectSection(SolutionItems) = preProject
		.editorconfig = .editorconfig
		.gitattributes = .gitattributes
		.gitignore = .gitignore
		CodeAnalysis.StyleCop.globalconfig = CodeAnalysis.StyleCop.globalconfig
		Directory.Build.props = Directory.Build.props
		License.md = License.md
		Make.ps1 = Make.ps1
		Readme.md = Readme.md
		version.json = version.json
	EndProjectSection
EndProject
Project("{2150E333-8FDC-42A3-9474-1A3956D46DE8}") = "src", "src", "{DD01E141-B029-4701-A854-16D40B2D2BB2}"
EndProject
Project("{2150E333-8FDC-42A3-9474-1A3956D46DE8}") = "tests", "tests", "{3032B131-0ECB-47D4-9016-E9330D21A5B2}"
EndProject
Project("{9A19103F-16F7-4668-BE54-9A1E7A4F7556}") = "BuildLogReporter.UnitTests", "tests\BuildLogReporter.UnitTests\BuildLogReporter.UnitTests.csproj", "{D25E1EE3-85E2-43E4-83F4-E26644B68159}"
EndProject
Project("{2150E333-8FDC-42A3-9474-1A3956D46DE8}") = "TestProjects", "TestProjects", "{2A37A3F6-A665-464F-8C15-AC2FEC3C9307}"
EndProject
Project("{9A19103F-16F7-4668-BE54-9A1E7A4F7556}") = "ProjectWithErrors", "tests\TestProjects\ProjectWithErrors\ProjectWithErrors.csproj", "{6DBC0E94-DBB7-4510-869D-78AE8FB8310B}"
EndProject
Project("{9A19103F-16F7-4668-BE54-9A1E7A4F7556}") = "ProjectWithErrorsAndWarnings", "tests\TestProjects\ProjectWithErrorsAndWarnings\ProjectWithErrorsAndWarnings.csproj", "{9D633AF1-723B-4279-B409-5765F63F2B40}"
EndProject
Project("{9A19103F-16F7-4668-BE54-9A1E7A4F7556}") = "ProjectWithoutErrorsOrWarnings", "tests\TestProjects\ProjectWithoutErrorsOrWarnings\ProjectWithoutErrorsOrWarnings.csproj", "{E97874A2-1295-457E-8385-B8C1ECF1CA9C}"
EndProject
Project("{9A19103F-16F7-4668-BE54-9A1E7A4F7556}") = "ProjectWithWarnings", "tests\TestProjects\ProjectWithWarnings\ProjectWithWarnings.csproj", "{C1A70E48-4F3C-404A-BAF9-D91C8AAEBDF9}"
EndProject
Global
	GlobalSection(SolutionConfigurationPlatforms) = preSolution
		Debug|Any CPU = Debug|Any CPU
		Release|Any CPU = Release|Any CPU
	EndGlobalSection
	GlobalSection(ProjectConfigurationPlatforms) = postSolution
		{63C08C64-F67F-46B8-9C89-CB4E0BB4D4A1}.Debug|Any CPU.ActiveCfg = Debug|Any CPU
		{63C08C64-F67F-46B8-9C89-CB4E0BB4D4A1}.Debug|Any CPU.Build.0 = Debug|Any CPU
		{63C08C64-F67F-46B8-9C89-CB4E0BB4D4A1}.Release|Any CPU.ActiveCfg = Release|Any CPU
		{63C08C64-F67F-46B8-9C89-CB4E0BB4D4A1}.Release|Any CPU.Build.0 = Release|Any CPU
		{D25E1EE3-85E2-43E4-83F4-E26644B68159}.Debug|Any CPU.ActiveCfg = Debug|Any CPU
		{D25E1EE3-85E2-43E4-83F4-E26644B68159}.Debug|Any CPU.Build.0 = Debug|Any CPU
		{D25E1EE3-85E2-43E4-83F4-E26644B68159}.Release|Any CPU.ActiveCfg = Release|Any CPU
		{D25E1EE3-85E2-43E4-83F4-E26644B68159}.Release|Any CPU.Build.0 = Release|Any CPU
		{6DBC0E94-DBB7-4510-869D-78AE8FB8310B}.Debug|Any CPU.ActiveCfg = Debug|Any CPU
		{6DBC0E94-DBB7-4510-869D-78AE8FB8310B}.Release|Any CPU.ActiveCfg = Release|Any CPU
		{9D633AF1-723B-4279-B409-5765F63F2B40}.Debug|Any CPU.ActiveCfg = Debug|Any CPU
		{9D633AF1-723B-4279-B409-5765F63F2B40}.Release|Any CPU.ActiveCfg = Release|Any CPU
		{E97874A2-1295-457E-8385-B8C1ECF1CA9C}.Debug|Any CPU.ActiveCfg = Debug|Any CPU
		{E97874A2-1295-457E-8385-B8C1ECF1CA9C}.Release|Any CPU.ActiveCfg = Release|Any CPU
		{C1A70E48-4F3C-404A-BAF9-D91C8AAEBDF9}.Debug|Any CPU.ActiveCfg = Debug|Any CPU
		{C1A70E48-4F3C-404A-BAF9-D91C8AAEBDF9}.Release|Any CPU.ActiveCfg = Release|Any CPU
	EndGlobalSection
	GlobalSection(SolutionProperties) = preSolution
		HideSolutionNode = FALSE
	EndGlobalSection
	GlobalSection(NestedProjects) = preSolution
		{63C08C64-F67F-46B8-9C89-CB4E0BB4D4A1} = {DD01E141-B029-4701-A854-16D40B2D2BB2}
		{D25E1EE3-85E2-43E4-83F4-E26644B68159} = {3032B131-0ECB-47D4-9016-E9330D21A5B2}
		{2A37A3F6-A665-464F-8C15-AC2FEC3C9307} = {3032B131-0ECB-47D4-9016-E9330D21A5B2}
		{6DBC0E94-DBB7-4510-869D-78AE8FB8310B} = {2A37A3F6-A665-464F-8C15-AC2FEC3C9307}
		{9D633AF1-723B-4279-B409-5765F63F2B40} = {2A37A3F6-A665-464F-8C15-AC2FEC3C9307}
		{E97874A2-1295-457E-8385-B8C1ECF1CA9C} = {2A37A3F6-A665-464F-8C15-AC2FEC3C9307}
		{C1A70E48-4F3C-404A-BAF9-D91C8AAEBDF9} = {2A37A3F6-A665-464F-8C15-AC2FEC3C9307}
	EndGlobalSection
	GlobalSection(ExtensibilityGlobals) = postSolution
		SolutionGuid = {0A48F99D-52DE-417A-8D8A-BF9E70AF9B9C}
	EndGlobalSection
EndGlobal
